
Microsoft Visual Studio Solution File, Format Version 12.00
# Visual Studio Version 17
VisualStudioVersion = 17.0.31903.59
MinimumVisualStudioVersion = 10.0.40219.1
Project("{2150E333-8FDC-42A3-9474-1A3956D46DE8}") = "src", "src", "{827E0CD3-B72D-47B6-A68D-7590B98EB39B}"
EndProject
Project("{FAE04EC0-301F-11D3-BF4B-00C04F79EFBC}") = "PolyMarket.Contracts", "src\PolyMarket.Contracts\PolyMarket.Contracts.csproj", "{00039AD1-EE53-4243-90F9-2924973DC73D}"
EndProject
Project("{FAE04EC0-301F-11D3-BF4B-00C04F79EFBC}") = "PolyMarket.Collector", "src\PolyMarket.Collector\PolyMarket.Collector.csproj", "{F3BAD655-1242-4448-8E85-0066E8395287}"
EndProject
Project("{FAE04EC0-301F-11D3-BF4B-00C04F79EFBC}") = "PolyMarket.Analytics", "src\PolyMarket.Analytics\PolyMarket.Analytics.csproj", "{7AB76D83-D9C9-484A-B1E0-8300283463FB}"
EndProject
Project("{FAE04EC0-301F-11D3-BF4B-00C04F79EFBC}") = "PolyMarket.Alerting", "src\PolyMarket.Alerting\PolyMarket.Alerting.csproj", "{291EF3BB-3F9D-47B5-B604-474B9883C939}"
EndProject
Project("{FAE04EC0-301F-11D3-BF4B-00C04F79EFBC}") = "PolyMarket.Storage", "src\PolyMarket.Storage\PolyMarket.Storage.csproj", "{70A6285C-6A6F-49E4-A3C1-E1B6DEC732BC}"
EndProject
Project("{FAE04EC0-301F-11D3-BF4B-00C04F79EFBC}") = "PolyMarket.WebApi", "src\PolyMarket.WebApi\PolyMarket.WebApi.csproj", "{B0FC73A7-A303-4A31-8B61-3733CB4990A5}"
EndProject
Project("{FAE04EC0-301F-11D3-BF4B-00C04F79EFBC}") = "PolyMarket.Analytics.Tests", "tests\PolyMarket.Analytics.Tests\PolyMarket.Analytics.Tests.csproj", "{5D766A80-F408-4E04-8B64-CADB915CACB5}"
EndProject
Project("{FAE04EC0-301F-11D3-BF4B-00C04F79EFBC}") = "PolyMarket.AutoBet", "src\PolyMarket.AutoBet\PolyMarket.AutoBet.csproj", "{61BF6938-764D-480B-8958-2B62A7AB8661}"
EndProject
Global
	GlobalSection(SolutionConfigurationPlatforms) = preSolution
		Debug|Any CPU = Debug|Any CPU
		Debug|x64 = Debug|x64
		Debug|x86 = Debug|x86
		Release|Any CPU = Release|Any CPU
		Release|x64 = Release|x64
		Release|x86 = Release|x86
	EndGlobalSection
	GlobalSection(ProjectConfigurationPlatforms) = postSolution
		{00039AD1-EE53-4243-90F9-2924973DC73D}.Debug|Any CPU.ActiveCfg = Debug|Any CPU
		{00039AD1-EE53-4243-90F9-2924973DC73D}.Debug|Any CPU.Build.0 = Debug|Any CPU
		{00039AD1-EE53-4243-90F9-2924973DC73D}.Debug|x64.ActiveCfg = Debug|Any CPU
		{00039AD1-EE53-4243-90F9-2924973DC73D}.Debug|x64.Build.0 = Debug|Any CPU
		{00039AD1-EE53-4243-90F9-2924973DC73D}.Debug|x86.ActiveCfg = Debug|Any CPU
		{00039AD1-EE53-4243-90F9-2924973DC73D}.Debug|x86.Build.0 = Debug|Any CPU
		{00039AD1-EE53-4243-90F9-2924973DC73D}.Release|Any CPU.ActiveCfg = Release|Any CPU
		{00039AD1-EE53-4243-90F9-2924973DC73D}.Release|Any CPU.Build.0 = Release|Any CPU
		{00039AD1-EE53-4243-90F9-2924973DC73D}.Release|x64.ActiveCfg = Release|Any CPU
		{00039AD1-EE53-4243-90F9-2924973DC73D}.Release|x64.Build.0 = Release|Any CPU
		{00039AD1-EE53-4243-90F9-2924973DC73D}.Release|x86.ActiveCfg = Release|Any CPU
		{00039AD1-EE53-4243-90F9-2924973DC73D}.Release|x86.Build.0 = Release|Any CPU
		{F3BAD655-1242-4448-8E85-0066E8395287}.Debug|Any CPU.ActiveCfg = Debug|Any CPU
		{F3BAD655-1242-4448-8E85-0066E8395287}.Debug|Any CPU.Build.0 = Debug|Any CPU
		{F3BAD655-1242-4448-8E85-0066E8395287}.Debug|x64.ActiveCfg = Debug|Any CPU
		{F3BAD655-1242-4448-8E85-0066E8395287}.Debug|x64.Build.0 = Debug|Any CPU
		{F3BAD655-1242-4448-8E85-0066E8395287}.Debug|x86.ActiveCfg = Debug|Any CPU
		{F3BAD655-1242-4448-8E85-0066E8395287}.Debug|x86.Build.0 = Debug|Any CPU
		{F3BAD655-1242-4448-8E85-0066E8395287}.Release|Any CPU.ActiveCfg = Release|Any CPU
		{F3BAD655-1242-4448-8E85-0066E8395287}.Release|Any CPU.Build.0 = Release|Any CPU
		{F3BAD655-1242-4448-8E85-0066E8395287}.Release|x64.ActiveCfg = Release|Any CPU
		{F3BAD655-1242-4448-8E85-0066E8395287}.Release|x64.Build.0 = Release|Any CPU
		{F3BAD655-1242-4448-8E85-0066E8395287}.Release|x86.ActiveCfg = Release|Any CPU
		{F3BAD655-1242-4448-8E85-0066E8395287}.Release|x86.Build.0 = Release|Any CPU
		{7AB76D83-D9C9-484A-B1E0-8300283463FB}.Debug|Any CPU.ActiveCfg = Debug|Any CPU
		{7AB76D83-D9C9-484A-B1E0-8300283463FB}.Debug|Any CPU.Build.0 = Debug|Any CPU
		{7AB76D83-D9C9-484A-B1E0-8300283463FB}.Debug|x64.ActiveCfg = Debug|Any CPU
		{7AB76D83-D9C9-484A-B1E0-8300283463FB}.Debug|x64.Build.0 = Debug|Any CPU
		{7AB76D83-D9C9-484A-B1E0-8300283463FB}.Debug|x86.ActiveCfg = Debug|Any CPU
		{7AB76D83-D9C9-484A-B1E0-8300283463FB}.Debug|x86.Build.0 = Debug|Any CPU
		{7AB76D83-D9C9-484A-B1E0-8300283463FB}.Release|Any CPU.ActiveCfg = Release|Any CPU
		{7AB76D83-D9C9-484A-B1E0-8300283463FB}.Release|Any CPU.Build.0 = Release|Any CPU
		{7AB76D83-D9C9-484A-B1E0-8300283463FB}.Release|x64.ActiveCfg = Release|Any CPU
		{7AB76D83-D9C9-484A-B1E0-8300283463FB}.Release|x64.Build.0 = Release|Any CPU
		{7AB76D83-D9C9-484A-B1E0-8300283463FB}.Release|x86.ActiveCfg = Release|Any CPU
		{7AB76D83-D9C9-484A-B1E0-8300283463FB}.Release|x86.Build.0 = Release|Any CPU
		{291EF3BB-3F9D-47B5-B604-474B9883C939}.Debug|Any CPU.ActiveCfg = Debug|Any CPU
		{291EF3BB-3F9D-47B5-B604-474B9883C939}.Debug|Any CPU.Build.0 = Debug|Any CPU
		{291EF3BB-3F9D-47B5-B604-474B9883C939}.Debug|x64.ActiveCfg = Debug|Any CPU
		{291EF3BB-3F9D-47B5-B604-474B9883C939}.Debug|x64.Build.0 = Debug|Any CPU
		{291EF3BB-3F9D-47B5-B604-474B9883C939}.Debug|x86.ActiveCfg = Debug|Any CPU
		{291EF3BB-3F9D-47B5-B604-474B9883C939}.Debug|x86.Build.0 = Debug|Any CPU
		{291EF3BB-3F9D-47B5-B604-474B9883C939}.Release|Any CPU.ActiveCfg = Release|Any CPU
		{291EF3BB-3F9D-47B5-B604-474B9883C939}.Release|Any CPU.Build.0 = Release|Any CPU
		{291EF3BB-3F9D-47B5-B604-474B9883C939}.Release|x64.ActiveCfg = Release|Any CPU
		{291EF3BB-3F9D-47B5-B604-474B9883C939}.Release|x64.Build.0 = Release|Any CPU
		{291EF3BB-3F9D-47B5-B604-474B9883C939}.Release|x86.ActiveCfg = Release|Any CPU
		{291EF3BB-3F9D-47B5-B604-474B9883C939}.Release|x86.Build.0 = Release|Any CPU
		{70A6285C-6A6F-49E4-A3C1-E1B6DEC732BC}.Debug|Any CPU.ActiveCfg = Debug|Any CPU
		{70A6285C-6A6F-49E4-A3C1-E1B6DEC732BC}.Debug|Any CPU.Build.0 = Debug|Any CPU
		{70A6285C-6A6F-49E4-A3C1-E1B6DEC732BC}.Debug|x64.ActiveCfg = Debug|Any CPU
		{70A6285C-6A6F-49E4-A3C1-E1B6DEC732BC}.Debug|x64.Build.0 = Debug|Any CPU
		{70A6285C-6A6F-49E4-A3C1-E1B6DEC732BC}.Debug|x86.ActiveCfg = Debug|Any CPU
		{70A6285C-6A6F-49E4-A3C1-E1B6DEC732BC}.Debug|x86.Build.0 = Debug|Any CPU
		{70A6285C-6A6F-49E4-A3C1-E1B6DEC732BC}.Release|Any CPU.ActiveCfg = Release|Any CPU
		{70A6285C-6A6F-49E4-A3C1-E1B6DEC732BC}.Release|Any CPU.Build.0 = Release|Any CPU
		{70A6285C-6A6F-49E4-A3C1-E1B6DEC732BC}.Release|x64.ActiveCfg = Release|Any CPU
		{70A6285C-6A6F-49E4-A3C1-E1B6DEC732BC}.Release|x64.Build.0 = Release|Any CPU
		{70A6285C-6A6F-49E4-A3C1-E1B6DEC732BC}.Release|x86.ActiveCfg = Release|Any CPU
		{70A6285C-6A6F-49E4-A3C1-E1B6DEC732BC}.Release|x86.Build.0 = Release|Any CPU
		{B0FC73A7-A303-4A31-8B61-3733CB4990A5}.Debug|Any CPU.ActiveCfg = Debug|Any CPU
		{B0FC73A7-A303-4A31-8B61-3733CB4990A5}.Debug|Any CPU.Build.0 = Debug|Any CPU
		{B0FC73A7-A303-4A31-8B61-3733CB4990A5}.Debug|x64.ActiveCfg = Debug|Any CPU
		{B0FC73A7-A303-4A31-8B61-3733CB4990A5}.Debug|x64.Build.0 = Debug|Any CPU
		{B0FC73A7-A303-4A31-8B61-3733CB4990A5}.Debug|x86.ActiveCfg = Debug|Any CPU
		{B0FC73A7-A303-4A31-8B61-3733CB4990A5}.Debug|x86.Build.0 = Debug|Any CPU
		{B0FC73A7-A303-4A31-8B61-3733CB4990A5}.Release|Any CPU.ActiveCfg = Release|Any CPU
		{B0FC73A7-A303-4A31-8B61-3733CB4990A5}.Release|Any CPU.Build.0 = Release|Any CPU
		{B0FC73A7-A303-4A31-8B61-3733CB4990A5}.Release|x64.ActiveCfg = Release|Any CPU
		{B0FC73A7-A303-4A31-8B61-3733CB4990A5}.Release|x64.Build.0 = Release|Any CPU
		{B0FC73A7-A303-4A31-8B61-3733CB4990A5}.Release|x86.ActiveCfg = Release|Any CPU
		{B0FC73A7-A303-4A31-8B61-3733CB4990A5}.Release|x86.Build.0 = Release|Any CPU
		{5D766A80-F408-4E04-8B64-CADB915CACB5}.Debug|Any CPU.ActiveCfg = Debug|Any CPU
		{5D766A80-F408-4E04-8B64-CADB915CACB5}.Debug|Any CPU.Build.0 = Debug|Any CPU
		{5D766A80-F408-4E04-8B64-CADB915CACB5}.Debug|x64.ActiveCfg = Debug|Any CPU
		{5D766A80-F408-4E04-8B64-CADB915CACB5}.Debug|x64.Build.0 = Debug|Any CPU
		{5D766A80-F408-4E04-8B64-CADB915CACB5}.Debug|x86.ActiveCfg = Debug|Any CPU
		{5D766A80-F408-4E04-8B64-CADB915CACB5}.Debug|x86.Build.0 = Debug|Any CPU
		{5D766A80-F408-4E04-8B64-CADB915CACB5}.Release|Any CPU.ActiveCfg = Release|Any CPU
		{5D766A80-F408-4E04-8B64-CADB915CACB5}.Release|Any CPU.Build.0 = Release|Any CPU
		{5D766A80-F408-4E04-8B64-CADB915CACB5}.Release|x64.ActiveCfg = Release|Any CPU
		{5D766A80-F408-4E04-8B64-CADB915CACB5}.Release|x64.Build.0 = Release|Any CPU
		{5D766A80-F408-4E04-8B64-CADB915CACB5}.Release|x86.ActiveCfg = Release|Any CPU
		{5D766A80-F408-4E04-8B64-CADB915CACB5}.Release|x86.Build.0 = Release|Any CPU
		{61BF6938-764D-480B-8958-2B62A7AB8661}.Debug|Any CPU.ActiveCfg = Debug|Any CPU
		{61BF6938-764D-480B-8958-2B62A7AB8661}.Debug|Any CPU.Build.0 = Debug|Any CPU
		{61BF6938-764D-480B-8958-2B62A7AB8661}.Debug|x64.ActiveCfg = Debug|Any CPU
		{61BF6938-764D-480B-8958-2B62A7AB8661}.Debug|x64.Build.0 = Debug|Any CPU
		{61BF6938-764D-480B-8958-2B62A7AB8661}.Debug|x86.ActiveCfg = Debug|Any CPU
		{61BF6938-764D-480B-8958-2B62A7AB8661}.Debug|x86.Build.0 = Debug|Any CPU
		{61BF6938-764D-480B-8958-2B62A7AB8661}.Release|Any CPU.ActiveCfg = Release|Any CPU
		{61BF6938-764D-480B-8958-2B62A7AB8661}.Release|Any CPU.Build.0 = Release|Any CPU
		{61BF6938-764D-480B-8958-2B62A7AB8661}.Release|x64.ActiveCfg = Release|Any CPU
		{61BF6938-764D-480B-8958-2B62A7AB8661}.Release|x64.Build.0 = Release|Any CPU
		{61BF6938-764D-480B-8958-2B62A7AB8661}.Release|x86.ActiveCfg = Release|Any CPU
		{61BF6938-764D-480B-8958-2B62A7AB8661}.Release|x86.Build.0 = Release|Any CPU
	EndGlobalSection
	GlobalSection(SolutionProperties) = preSolution
		HideSolutionNode = FALSE
	EndGlobalSection
	GlobalSection(NestedProjects) = preSolution
		{00039AD1-EE53-4243-90F9-2924973DC73D} = {827E0CD3-B72D-47B6-A68D-7590B98EB39B}
		{F3BAD655-1242-4448-8E85-0066E8395287} = {827E0CD3-B72D-47B6-A68D-7590B98EB39B}
		{7AB76D83-D9C9-484A-B1E0-8300283463FB} = {827E0CD3-B72D-47B6-A68D-7590B98EB39B}
		{291EF3BB-3F9D-47B5-B604-474B9883C939} = {827E0CD3-B72D-47B6-A68D-7590B98EB39B}
		{70A6285C-6A6F-49E4-A3C1-E1B6DEC732BC} = {827E0CD3-B72D-47B6-A68D-7590B98EB39B}
		{B0FC73A7-A303-4A31-8B61-3733CB4990A5} = {827E0CD3-B72D-47B6-A68D-7590B98EB39B}
		{5D766A80-F408-4E04-8B64-CADB915CACB5} = {827E0CD3-B72D-47B6-A68D-7590B98EB39B}
		{61BF6938-764D-480B-8958-2B62A7AB8661} = {827E0CD3-B72D-47B6-A68D-7590B98EB39B}
	EndGlobalSection
EndGlobal
